Microsoft Visual Studio Solution File, Format Version 12.00
# Visual Studio Version 17
VisualStudioVersion = 17.5.2.0
MinimumVisualStudioVersion = 10.0.40219.1
Project("{FAE04EC0-301F-11D3-BF4B-00C04F79EFBC}") = "F1", "F1\F1.csproj", "{2219E61D-94A9-4B98-13B9-E8F4F850CDDC}"
EndProject
Project("{FAE04EC0-301F-11D3-BF4B-00C04F79EFBC}") = "F3", "F3\F3.csproj", "{CEABAA91-8549-D9EF-1A35-58CE70E0E7BD}"
EndProject
Global
	GlobalSection(SolutionConfigurationPlatforms) = preSolution
		Debug|Any CPU = Debug|Any CPU
		Release|Any CPU = Release|Any CPU
	EndGlobalSection
	GlobalSection(ProjectConfigurationPlatforms) = postSolution
		{2219E61D-94A9-4B98-13B9-E8F4F850CDDC}.Debug|Any CPU.ActiveCfg = Debug|Any CPU
		{2219E61D-94A9-4B98-13B9-E8F4F850CDDC}.Debug|Any CPU.Build.0 = Debug|Any CPU
		{2219E61D-94A9-4B98-13B9-E8F4F850CDDC}.Release|Any CPU.ActiveCfg = Release|Any CPU
		{2219E61D-94A9-4B98-13B9-E8F4F850CDDC}.Release|Any CPU.Build.0 = Release|Any CPU
		{CEABAA91-8549-D9EF-1A35-58CE70E0E7BD}.Debug|Any CPU.ActiveCfg = Debug|Any CPU
		{CEABAA91-8549-D9EF-1A35-58CE70E0E7BD}.Debug|Any CPU.Build.0 = Debug|Any CPU
		{CEABAA91-8549-D9EF-1A35-58CE70E0E7BD}.Release|Any CPU.ActiveCfg = Release|Any CPU
		{CEABAA91-8549-D9EF-1A35-58CE70E0E7BD}.Release|Any CPU.Build.0 = Release|Any CPU
	EndGlobalSection
	GlobalSection(SolutionProperties) = preSolution
		HideSolutionNode = FALSE
	EndGlobalSection
	GlobalSection(ExtensibilityGlobals) = postSolution
		SolutionGuid = {B02151F0-D04A-4E76-8473-0BFA64342F5A}
	EndGlobalSection
EndGlobal
